
Microsoft Visual Studio Solution File, Format Version 12.00
# Visual Studio Version 17
VisualStudioVersion = 17.6.33723.286
MinimumVisualStudioVersion = 10.0.40219.1
Project("{FAE04EC0-301F-11D3-BF4B-00C04F79EFBC}") = "FirstWPFApp", "FirstWPFApp\FirstWPFApp.csproj", "{DCE9DD5F-A06C-4693-A5DA-260A292849B3}"
EndProject
Global
	GlobalSection(SolutionConfigurationPlatforms) = preSolution
		Debug|Any CPU = Debug|Any CPU
		Release|Any CPU = Release|Any CPU
	EndGlobalSection
	GlobalSection(ProjectConfigurationPlatforms) = postSolution
		{DCE9DD5F-A06C-4693-A5DA-260A292849B3}.Debug|Any CPU.ActiveCfg = Debug|Any CPU
		{DCE9DD5F-A06C-4693-A5DA-260A292849B3}.Debug|Any CPU.Build.0 = Debug|Any CPU
		{DCE9DD5F-A06C-4693-A5DA-260A292849B3}.Release|Any CPU.ActiveCfg = Release|Any CPU
		{DCE9DD5F-A06C-4693-A5DA-260A292849B3}.Release|Any CPU.Build.0 = Release|Any CPU
	EndGlobalSection
	GlobalSection(SolutionProperties) = preSolution
		HideSolutionNode = FALSE
	EndGlobalSection
	GlobalSection(ExtensibilityGlobals) = postSolution
		SolutionGuid = {D5DB0668-D467-4B44-B30F-26E7B343D0E9}
	EndGlobalSection
EndGlobal
